// !$*UTF8*$!
{
	archiveVersion = 1;
	classes = {
	};
	objectVersion = 46;
	objects = {

/* Begin PBXBuildFile section */
		01FDC29916811842001E49A6 /* Default-568h@2x.png in Resources */ = {isa = PBXBuildFile; fileRef = 01FDC29816811842001E49A6 /* Default-568h@2x.png */; };
		B22B852E156528300001A7C2 /* UIKit.framework in Frameworks */ = {isa = PBXBuildFile; fileRef = B22B852D156528300001A7C2 /* UIKit.framework */; };
		B22B8530156528300001A7C2 /* Foundation.framework in Frameworks */ = {isa = PBXBuildFile; fileRef = B22B852F156528300001A7C2 /* Foundation.framework */; };
		B22B8532156528300001A7C2 /* CoreGraphics.framework in Frameworks */ = {isa = PBXBuildFile; fileRef = B22B8531156528300001A7C2 /* CoreGraphics.framework */; };
		B22B8538156528300001A7C2 /* InfoPlist.strings in Resources */ = {isa = PBXBuildFile; fileRef = B22B8536156528300001A7C2 /* InfoPlist.strings */; };
		B22B853A156528300001A7C2 /* main.m in Sources */ = {isa = PBXBuildFile; fileRef = B22B8539156528300001A7C2 /* main.m */; };
		B22B853E156528300001A7C2 /* AppDelegate.m in Sources */ = {isa = PBXBuildFile; fileRef = B22B853D156528300001A7C2 /* AppDelegate.m */; };
		B22B8541156528300001A7C2 /* ViewController.m in Sources */ = {isa = PBXBuildFile; fileRef = B22B8540156528300001A7C2 /* ViewController.m */; };
		B22B8544156528300001A7C2 /* ViewController.xib in Resources */ = {isa = PBXBuildFile; fileRef = B22B8542156528300001A7C2 /* ViewController.xib */; };
		B22B854D156528450001A7C2 /* RequestQueue.m in Sources */ = {isa = PBXBuildFile; fileRef = B22B854C156528450001A7C2 /* RequestQueue.m */; };
/* End PBXBuildFile section */

/* Begin PBXFileReference section */
		01FDC29816811842001E49A6 /* Default-568h@2x.png */ = {isa = PBXFileReference; lastKnownFileType = image.png; path = "Default-568h@2x.png"; sourceTree = "<group>"; };
		B22B8529156528300001A7C2 /* BasicAuth.app */ = {isa = PBXFileReference; explicitFileType = wrapper.application; includeInIndex = 0; path = BasicAuth.app; sourceTree = BUILT_PRODUCTS_DIR; };
		B22B852D156528300001A7C2 /* UIKit.framework */ = {isa = PBXFileReference; lastKnownFileType = wrapper.framework; name = UIKit.framework; path = System/Library/Frameworks/UIKit.framework; sourceTree = SDKROOT; };
		B22B852F156528300001A7C2 /* Foundation.framework */ = {isa = PBXFileReference; lastKnownFileType = wrapper.framework; name = Foundation.framework; path = System/Library/Frameworks/Foundation.framework; sourceTree = SDKROOT; };
		B22B8531156528300001A7C2 /* CoreGraphics.framework */ = {isa = PBXFileReference; lastKnownFileType = wrapper.framework; name = CoreGraphics.framework; path = System/Library/Frameworks/CoreGraphics.framework; sourceTree = SDKROOT; };
		B22B8535156528300001A7C2 /* BasicAuth-Info.plist */ = {isa = PBXFileReference; lastKnownFileType = text.plist.xml; path = "BasicAuth-Info.plist"; sourceTree = "<group>"; };
		B22B8537156528300001A7C2 /* en */ = {isa = PBXFileReference; lastKnownFileType = text.plist.strings; name = en; path = en.lproj/InfoPlist.strings; sourceTree = "<group>"; };
		B22B8539156528300001A7C2 /* main.m */ = {isa = PBXFileReference; lastKnownFileType = sourcecode.c.objc; path = main.m; sourceTree = "<group>"; };
		B22B853B156528300001A7C2 /* BasicAuth-Prefix.pch */ = {isa = PBXFileReference; lastKnownFileType = sourcecode.c.h; path = "BasicAuth-Prefix.pch"; sourceTree = "<group>"; };
		B22B853C156528300001A7C2 /* AppDelegate.h */ = {isa = PBXFileReference; lastKnownFileType = sourcecode.c.h; path = AppDelegate.h; sourceTree = "<group>"; };
		B22B853D156528300001A7C2 /* AppDelegate.m */ = {isa = PBXFileReference; lastKnownFileType = sourcecode.c.objc; path = AppDelegate.m; sourceTree = "<group>"; };
		B22B853F156528300001A7C2 /* ViewController.h */ = {isa = PBXFileReference; lastKnownFileType = sourcecode.c.h; path = ViewController.h; sourceTree = "<group>"; };
		B22B8540156528300001A7C2 /* ViewController.m */ = {isa = PBXFileReference; lastKnownFileType = sourcecode.c.objc; path = ViewController.m; sourceTree = "<group>"; };
		B22B8543156528300001A7C2 /* en */ = {isa = PBXFileReference; lastKnownFileType = file.xib; name = en; path = en.lproj/ViewController.xib; sourceTree = "<group>"; };
		B22B854B156528450001A7C2 /* RequestQueue.h */ = {isa = PBXFileReference; fileEncoding = 4; lastKnownFileType = sourcecode.c.h; path = RequestQueue.h; sourceTree = "<group>"; };
		B22B854C156528450001A7C2 /* RequestQueue.m */ = {isa = PBXFileReference; fileEncoding = 4; lastKnownFileType = sourcecode.c.objc; path = RequestQueue.m; sourceTree = "<group>"; };
/* End PBXFileReference section */

/* Begin PBXFrameworksBuildPhase section */
		B22B8526156528300001A7C2 /* Frameworks */ = {
			isa = PBXFrameworksBuildPhase;
			buildActionMask = 2147483647;
			files = (
				B22B852E156528300001A7C2 /* UIKit.framework in Frameworks */,
				B22B8530156528300001A7C2 /* Foundation.framework in Frameworks */,
				B22B8532156528300001A7C2 /* CoreGraphics.framework in Frameworks */,
			);
			runOnlyForDeploymentPostprocessing = 0;
		};
/* End PBXFrameworksBuildPhase section */

/* Begin PBXGroup section */
		B22B851E156528300001A7C2 = {
			isa = PBXGroup;
			children = (
				B22B854A156528450001A7C2 /* RequestQueue */,
				B22B8533156528300001A7C2 /* BasicAuth */,
				B22B852C156528300001A7C2 /* Frameworks */,
				B22B852A156528300001A7C2 /* Products */,
			);
			sourceTree = "<group>";
		};
		B22B852A156528300001A7C2 /* Products */ = {
			isa = PBXGroup;
			children = (
				B22B8529156528300001A7C2 /* BasicAuth.app */,
			);
			name = Products;
			sourceTree = "<group>";
		};
		B22B852C156528300001A7C2 /* Frameworks */ = {
			isa = PBXGroup;
			children = (
				B22B852D156528300001A7C2 /* UIKit.framework */,
				B22B852F156528300001A7C2 /* Foundation.framework */,
				B22B8531156528300001A7C2 /* CoreGraphics.framework */,
			);
			name = Frameworks;
			sourceTree = "<group>";
		};
		B22B8533156528300001A7C2 /* BasicAuth */ = {
			isa = PBXGroup;
			children = (
				B22B853C156528300001A7C2 /* AppDelegate.h */,
				B22B853D156528300001A7C2 /* AppDelegate.m */,
				B22B853F156528300001A7C2 /* ViewController.h */,
				B22B8540156528300001A7C2 /* ViewController.m */,
				B22B8542156528300001A7C2 /* ViewController.xib */,
				B22B8534156528300001A7C2 /* Supporting Files */,
			);
			path = BasicAuth;
			sourceTree = "<group>";
		};
		B22B8534156528300001A7C2 /* Supporting Files */ = {
			isa = PBXGroup;
			children = (
				01FDC29816811842001E49A6 /* Default-568h@2x.png */,
				B22B8535156528300001A7C2 /* BasicAuth-Info.plist */,
				B22B8536156528300001A7C2 /* InfoPlist.strings */,
				B22B8539156528300001A7C2 /* main.m */,
				B22B853B156528300001A7C2 /* BasicAuth-Prefix.pch */,
			);
			name = "Supporting Files";
			sourceTree = "<group>";
		};
		B22B854A156528450001A7C2 /* RequestQueue */ = {
			isa = PBXGroup;
			children = (
				B22B854B156528450001A7C2 /* RequestQueue.h */,
				B22B854C156528450001A7C2 /* RequestQueue.m */,
			);
			name = RequestQueue;
			path = ../../RequestQueue;
			sourceTree = "<group>";
		};
/* End PBXGroup section */

/* Begin PBXNativeTarget section */
		B22B8528156528300001A7C2 /* BasicAuth */ = {
			isa = PBXNativeTarget;
			buildConfigurationList = B22B8547156528300001A7C2 /* Build configuration list for PBXNativeTarget "BasicAuth" */;
			buildPhases = (
				B22B8525156528300001A7C2 /* Sources */,
				B22B8526156528300001A7C2 /* Frameworks */,
				B22B8527156528300001A7C2 /* Resources */,
			);
			buildRules = (
			);
			dependencies = (
			);
			name = BasicAuth;
			productName = BasicAuth;
			productReference = B22B8529156528300001A7C2 /* BasicAuth.app */;
			productType = "com.apple.product-type.application";
		};
/* End PBXNativeTarget section */

/* Begin PBXProject section */
		B22B8520156528300001A7C2 /* Project object */ = {
			isa = PBXProject;
			attributes = {
				LastUpgradeCheck = 0430;
			};
			buildConfigurationList = B22B8523156528300001A7C2 /* Build configuration list for PBXProject "BasicAuth" */;
			compatibilityVersion = "Xcode 3.2";
			developmentRegion = English;
			hasScannedForEncodings = 0;
			knownRegions = (
				en,
			);
			mainGroup = B22B851E156528300001A7C2;
			productRefGroup = B22B852A156528300001A7C2 /* Products */;
			projectDirPath = "";
			projectRoot = "";
			targets = (
				B22B8528156528300001A7C2 /* BasicAuth */,
			);
		};
/* End PBXProject section */

/* Begin PBXResourcesBuildPhase section */
		B22B8527156528300001A7C2 /* Resources */ = {
			isa = PBXResourcesBuildPhase;
			buildActionMask = 2147483647;
			files = (
				B22B8538156528300001A7C2 /* InfoPlist.strings in Resources */,
				B22B8544156528300001A7C2 /* ViewController.xib in Resources */,
				01FDC29916811842001E49A6 /* Default-568h@2x.png in Resources */,
			);
			runOnlyForDeploymentPostprocessing = 0;
		};
/* End PBXResourcesBuildPhase section */

/* Begin PBXSourcesBuildPhase section */
		B22B8525156528300001A7C2 /* Sources */ = {
			isa = PBXSourcesBuildPhase;
			buildActionMask = 2147483647;
			files = (
				B22B853A156528300001A7C2 /* main.m in Sources */,
				B22B853E156528300001A7C2 /* AppDelegate.m in Sources */,
				B22B8541156528300001A7C2 /* ViewController.m in Sources */,
				B22B854D156528450001A7C2 /* RequestQueue.m in Sources */,
			);
			runOnlyForDeploymentPostprocessing = 0;
		};
/* End PBXSourcesBuildPhase section */

/* Begin PBXVariantGroup section */
		B22B8536156528300001A7C2 /* InfoPlist.strings */ = {
			isa = PBXVariantGroup;
			children = (
				B22B8537156528300001A7C2 /* en */,
			);
			name = InfoPlist.strings;
			sourceTree = "<group>";
		};
		B22B8542156528300001A7C2 /* ViewController.xib */ = {
			isa = PBXVariantGroup;
			children = (
				B22B8543156528300001A7C2 /* en */,
			);
			name = ViewController.xib;
			sourceTree = "<group>";
		};
/* End PBXVariantGroup section */

/* Begin XCBuildConfiguration section */
		B22B8545156528300001A7C2 /* Debug */ = {
			isa = XCBuildConfiguration;
			buildSettings = {
				ALWAYS_SEARCH_USER_PATHS = NO;
				ARCHS = "$(ARCHS_STANDARD_32_BIT)";
				CLANG_ENABLE_OBJC_ARC = YES;
				CLANG_WARN_OBJCPP_ARC_ABI = YES;
				"CODE_SIGN_IDENTITY[sdk=iphoneos*]" = "iPhone Developer";
				COPY_PHASE_STRIP = NO;
				GCC_C_LANGUAGE_STANDARD = gnu99;
				GCC_DYNAMIC_NO_PIC = NO;
				GCC_OPTIMIZATION_LEVEL = 0;
				GCC_PREPROCESSOR_DEFINITIONS = (
					"DEBUG=1",
					"$(inherited)",
				);
				GCC_SYMBOLS_PRIVATE_EXTERN = NO;
				GCC_TREAT_WARNINGS_AS_ERRORS = YES;
				GCC_VERSION = com.apple.compilers.llvm.clang.1_0;
				GCC_WARN_ABOUT_RETURN_TYPE = YES;
				GCC_WARN_UNINITIALIZED_AUTOS = YES;
				GCC_WARN_UNUSED_VARIABLE = YES;
				IPHONEOS_DEPLOYMENT_TARGET = 5.1;
				RUN_CLANG_STATIC_ANALYZER = YES;
				SDKROOT = iphoneos;
				WARNING_CFLAGS = (
					"-Wall",
					"-Wextra",
				);
			};
			name = Debug;
		};
		B22B8546156528300001A7C2 /* Release */ = {
			isa = XCBuildConfiguration;
			buildSettings = {
				ALWAYS_SEARCH_USER_PATHS = NO;
				ARCHS = "$(ARCHS_STANDARD_32_BIT)";
				CLANG_ENABLE_OBJC_ARC = YES;
				CLANG_WARN_OBJCPP_ARC_ABI = YES;
				"CODE_SIGN_IDENTITY[sdk=iphoneos*]" = "iPhone Developer";
				COPY_PHASE_STRIP = YES;
				GCC_C_LANGUAGE_STANDARD = gnu99;
				GCC_TREAT_WARNINGS_AS_ERRORS = YES;
				GCC_VERSION = com.apple.compilers.llvm.clang.1_0;
				GCC_WARN_ABOUT_RETURN_TYPE = YES;
				GCC_WARN_UNINITIALIZED_AUTOS = YES;
				GCC_WARN_UNUSED_VARIABLE = YES;
				IPHONEOS_DEPLOYMENT_TARGET = 5.1;
				OTHER_CFLAGS = "-DNS_BLOCK_ASSERTIONS=1";
				RUN_CLANG_STATIC_ANALYZER = YES;
				SDKROOT = iphoneos;
				VALIDATE_PRODUCT = YES;
				WARNING_CFLAGS = (
					"-Wall",
					"-Wextra",
				);
			};
			name = Release;
		};
		B22B8548156528300001A7C2 /* Debug */ = {
			isa = XCBuildConfiguration;
			buildSettings = {
				GCC_PRECOMPILE_PREFIX_HEADER = YES;
				GCC_PREFIX_HEADER = "BasicAuth/BasicAuth-Prefix.pch";
				INFOPLIST_FILE = "BasicAuth/BasicAuth-Info.plist";
				PRODUCT_NAME = "$(TARGET_NAME)";
				WRAPPER_EXTENSION = app;
			};
			name = Debug;
		};
		B22B8549156528300001A7C2 /* Release */ = {
			isa = XCBuildConfiguration;
			buildSettings = {
				GCC_PRECOMPILE_PREFIX_HEADER = YES;
				GCC_PREFIX_HEADER = "BasicAuth/BasicAuth-Prefix.pch";
				INFOPLIST_FILE = "BasicAuth/BasicAuth-Info.plist";
				PRODUCT_NAME = "$(TARGET_NAME)";
				WRAPPER_EXTENSION = app;
			};
			name = Release;
		};
/* End XCBuildConfiguration section */

/* Begin XCConfigurationList section */
		B22B8523156528300001A7C2 /* Build configuration list for PBXProject "BasicAuth" */ = {
			isa = XCConfigurationList;
			buildConfigurations = (
				B22B8545156528300001A7C2 /* Debug */,
				B22B8546156528300001A7C2 /* Release */,
			);
			defaultConfigurationIsVisible = 0;
			defaultConfigurationName = Release;
		};
		B22B8547156528300001A7C2 /* Build configuration list for PBXNativeTarget "BasicAuth" */ = {
			isa = XCConfigurationList;
			buildConfigurations = (
				B22B8548156528300001A7C2 /* Debug */,
				B22B8549156528300001A7C2 /* Release */,
			);
			defaultConfigurationIsVisible = 0;
			defaultConfigurationName = Release;
		};
/* End XCConfigurationList section */
	};
	rootObject = B22B8520156528300001A7C2 /* Project object */;
}
